
Microsoft Visual Studio Solution File, Format Version 12.00
# Visual Studio 15
VisualStudioVersion = 15.0.26430.16
MinimumVisualStudioVersion = 10.0.40219.1
Project("{FAE04EC0-301F-11D3-BF4B-00C04F79EFBC}") = "TTOS200-Olio-ohjelmointi", "TTOS200-Olio-ohjelmointi\TTOS200-Olio-ohjelmointi.csproj", "{96E8782D-2E0E-42C1-8CC3-C58A30244EE2}"
EndProject
Project("{FAE04EC0-301F-11D3-BF4B-00C04F79EFBC}") = "assignment03", "assignment03\assignment03.csproj", "{56B8E506-5F90-41FA-9164-4757750B335C}"
EndProject
Project("{FAE04EC0-301F-11D3-BF4B-00C04F79EFBC}") = "assignment04", "assignment04\assignment04.csproj", "{783C5926-92CB-46E7-9D70-6794F13A9792}"
EndProject
Project("{FAE04EC0-301F-11D3-BF4B-00C04F79EFBC}") = "assignment05", "assignment05\assignment05.csproj", "{312C25AD-E4BC-4C36-A0AF-A0FEE31C6B7D}"
EndProject
Project("{FAE04EC0-301F-11D3-BF4B-00C04F79EFBC}") = "assignment06", "assignment06\assignment06.csproj", "{D735F75D-5471-4B2A-BD54-E94387F8C258}"
EndProject
Project("{FAE04EC0-301F-11D3-BF4B-00C04F79EFBC}") = "assignment01", "assignment01\assignment01.csproj", "{FBDFB593-CE39-4E8A-8292-B8FC74723453}"
EndProject
Project("{FAE04EC0-301F-11D3-BF4B-00C04F79EFBC}") = "assignment02", "assignment02\assignment02.csproj", "{0F243A3F-D351-485A-8DF2-3B90898EE384}"
EndProject
Project("{FAE04EC0-301F-11D3-BF4B-00C04F79EFBC}") = "assignment07", "assignment07\assignment07.csproj", "{2E64A552-61FD-4732-8F24-D8F234D4FB63}"
EndProject
Project("{FAE04EC0-301F-11D3-BF4B-00C04F79EFBC}") = "assignment08", "assignment08\assignment08.csproj", "{B51F5324-7C2E-4F9F-8EC5-5CE1D34E881A}"
EndProject
Project("{FAE04EC0-301F-11D3-BF4B-00C04F79EFBC}") = "assignment09", "assignment09\assignment09.csproj", "{16B5BD39-3659-4DC4-8440-D03275974DEC}"
EndProject
Project("{FAE04EC0-301F-11D3-BF4B-00C04F79EFBC}") = "assignment10", "assignment10\assignment10.csproj", "{B73D1A41-0D16-4821-B847-860537E66461}"
EndProject
Project("{2150E333-8FDC-42A3-9474-1A3956D46DE8}") = "L02", "L02", "{6FCAAF04-87C1-4E0D-851C-57BC6331BAED}"
EndProject
Project("{2150E333-8FDC-42A3-9474-1A3956D46DE8}") = "L01", "L01", "{980B84BD-00C4-4A43-826E-0F9935DCD497}"
EndProject
Project("{FAE04EC0-301F-11D3-BF4B-00C04F79EFBC}") = "L02_assignment01", "L02\L02_assignment01\L02_assignment01.csproj", "{1757EAF5-9BD4-4AC9-9FD5-B57AFAD90E00}"
EndProject
Project("{FAE04EC0-301F-11D3-BF4B-00C04F79EFBC}") = "L02_assignment02", "L02\L02_assignment02\L02_assignment02.csproj", "{72F8C640-00D3-4B8F-A85B-72FBC1409C3B}"
EndProject
Project("{FAE04EC0-301F-11D3-BF4B-00C04F79EFBC}") = "L02_assignment03", "L02_assignment03\L02_assignment03.csproj", "{76E25923-1F2F-4B90-B693-985667522FCA}"
EndProject
Project("{FAE04EC0-301F-11D3-BF4B-00C04F79EFBC}") = "L02_assignment04", "L02_assignment04\L02_assignment04.csproj", "{4107D4CE-40D5-4400-8EC2-15BE2378F115}"
EndProject
Project("{FAE04EC0-301F-11D3-BF4B-00C04F79EFBC}") = "L02_assignment06", "L02_assignment06\L02_assignment06.csproj", "{553E6748-5A9C-4707-BC41-C2966533C1C9}"
EndProject
Project("{FAE04EC0-301F-11D3-BF4B-00C04F79EFBC}") = "L02_assignment07", "L02_assignment07\L02_assignment07.csproj", "{D96C3B8B-DF15-4AE5-9F77-984979B78482}"
EndProject
Project("{FAE04EC0-301F-11D3-BF4B-00C04F79EFBC}") = "L02_assignment08", "L08_assignment08\L02_assignment08.csproj", "{0D9D0F7B-1DE1-4428-BB98-64DC42DAC3B7}"
EndProject
Project("{FAE04EC0-301F-11D3-BF4B-00C04F79EFBC}") = "classtesting", "classtesting\classtesting.csproj", "{D3C6AD78-BA8A-422C-AF3D-6AC3CD913FC1}"
EndProject
Project("{FAE04EC0-301F-11D3-BF4B-00C04F79EFBC}") = "CarApplication", "CarApplication\CarApplication.csproj", "{1614FF4C-C0AB-4419-9F0D-654F31A8AA3B}"
EndProject
Project("{FAE04EC0-301F-11D3-BF4B-00C04F79EFBC}") = "L02_assignment10", "L02\L02_assignment10\L02_assignment10.csproj", "{8B88F30E-230E-492D-A27E-D8076B15ADDA}"
EndProject
Project("{FAE04EC0-301F-11D3-BF4B-00C04F79EFBC}") = "L02_assignment09", "L02\L02_assignment09\L02_assignment09.csproj", "{53F13853-4928-4990-A054-0BCE597BE179}"
EndProject
Project("{FAE04EC0-301F-11D3-BF4B-00C04F79EFBC}") = "L02_assignment09_improved", "L02\L02_assignment09_improved\L02_assignment09_improved.csproj", "{0B37C105-63E0-449C-A378-5DE5E3F720D2}"
EndProject
Project("{FAE04EC0-301F-11D3-BF4B-00C04F79EFBC}") = "L02_assignment10_improved", "L02\L02_assignment10_improved\L02_assignment10_improved.csproj", "{42E12A32-7657-47E8-BE2E-7FC45034E72E}"
EndProject
Project("{FAE04EC0-301F-11D3-BF4B-00C04F79EFBC}") = "L02_assignment05", "L02\L02_assignment05\L02_assignment05.csproj", "{2FFAFD4C-DD17-4CB6-9A1D-44D1F8A67EB3}"
EndProject
Global
	GlobalSection(SolutionConfigurationPlatforms) = preSolution
		Debug|Any CPU = Debug|Any CPU
		Release|Any CPU = Release|Any CPU
	EndGlobalSection
	GlobalSection(ProjectConfigurationPlatforms) = postSolution
		{96E8782D-2E0E-42C1-8CC3-C58A30244EE2}.Debug|Any CPU.ActiveCfg = Debug|Any CPU
		{96E8782D-2E0E-42C1-8CC3-C58A30244EE2}.Debug|Any CPU.Build.0 = Debug|Any CPU
		{96E8782D-2E0E-42C1-8CC3-C58A30244EE2}.Release|Any CPU.ActiveCfg = Release|Any CPU
		{96E8782D-2E0E-42C1-8CC3-C58A30244EE2}.Release|Any CPU.Build.0 = Release|Any CPU
		{56B8E506-5F90-41FA-9164-4757750B335C}.Debug|Any CPU.ActiveCfg = Debug|Any CPU
		{56B8E506-5F90-41FA-9164-4757750B335C}.Debug|Any CPU.Build.0 = Debug|Any CPU
		{56B8E506-5F90-41FA-9164-4757750B335C}.Release|Any CPU.ActiveCfg = Release|Any CPU
		{56B8E506-5F90-41FA-9164-4757750B335C}.Release|Any CPU.Build.0 = Release|Any CPU
		{783C5926-92CB-46E7-9D70-6794F13A9792}.Debug|Any CPU.ActiveCfg = Debug|Any CPU
		{783C5926-92CB-46E7-9D70-6794F13A9792}.Debug|Any CPU.Build.0 = Debug|Any CPU
		{783C5926-92CB-46E7-9D70-6794F13A9792}.Release|Any CPU.ActiveCfg = Release|Any CPU
		{783C5926-92CB-46E7-9D70-6794F13A9792}.Release|Any CPU.Build.0 = Release|Any CPU
		{312C25AD-E4BC-4C36-A0AF-A0FEE31C6B7D}.Debug|Any CPU.ActiveCfg = Debug|Any CPU
		{312C25AD-E4BC-4C36-A0AF-A0FEE31C6B7D}.Debug|Any CPU.Build.0 = Debug|Any CPU
		{312C25AD-E4BC-4C36-A0AF-A0FEE31C6B7D}.Release|Any CPU.ActiveCfg = Release|Any CPU
		{312C25AD-E4BC-4C36-A0AF-A0FEE31C6B7D}.Release|Any CPU.Build.0 = Release|Any CPU
		{D735F75D-5471-4B2A-BD54-E94387F8C258}.Debug|Any CPU.ActiveCfg = Debug|Any CPU
		{D735F75D-5471-4B2A-BD54-E94387F8C258}.Debug|Any CPU.Build.0 = Debug|Any CPU
		{D735F75D-5471-4B2A-BD54-E94387F8C258}.Release|Any CPU.ActiveCfg = Release|Any CPU
		{D735F75D-5471-4B2A-BD54-E94387F8C258}.Release|Any CPU.Build.0 = Release|Any CPU
		{FBDFB593-CE39-4E8A-8292-B8FC74723453}.Debug|Any CPU.ActiveCfg = Debug|Any CPU
		{FBDFB593-CE39-4E8A-8292-B8FC74723453}.Debug|Any CPU.Build.0 = Debug|Any CPU
		{FBDFB593-CE39-4E8A-8292-B8FC74723453}.Release|Any CPU.ActiveCfg = Release|Any CPU
		{FBDFB593-CE39-4E8A-8292-B8FC74723453}.Release|Any CPU.Build.0 = Release|Any CPU
		{0F243A3F-D351-485A-8DF2-3B90898EE384}.Debug|Any CPU.ActiveCfg = Debug|Any CPU
		{0F243A3F-D351-485A-8DF2-3B90898EE384}.Debug|Any CPU.Build.0 = Debug|Any CPU
		{0F243A3F-D351-485A-8DF2-3B90898EE384}.Release|Any CPU.ActiveCfg = Release|Any CPU
		{0F243A3F-D351-485A-8DF2-3B90898EE384}.Release|Any CPU.Build.0 = Release|Any CPU
		{2E64A552-61FD-4732-8F24-D8F234D4FB63}.Debug|Any CPU.ActiveCfg = Debug|Any CPU
		{2E64A552-61FD-4732-8F24-D8F234D4FB63}.Debug|Any CPU.Build.0 = Debug|Any CPU
		{2E64A552-61FD-4732-8F24-D8F234D4FB63}.Release|Any CPU.ActiveCfg = Release|Any CPU
		{2E64A552-61FD-4732-8F24-D8F234D4FB63}.Release|Any CPU.Build.0 = Release|Any CPU
		{B51F5324-7C2E-4F9F-8EC5-5CE1D34E881A}.Debug|Any CPU.ActiveCfg = Debug|Any CPU
		{B51F5324-7C2E-4F9F-8EC5-5CE1D34E881A}.Debug|Any CPU.Build.0 = Debug|Any CPU
		{B51F5324-7C2E-4F9F-8EC5-5CE1D34E881A}.Release|Any CPU.ActiveCfg = Release|Any CPU
		{B51F5324-7C2E-4F9F-8EC5-5CE1D34E881A}.Release|Any CPU.Build.0 = Release|Any CPU
		{16B5BD39-3659-4DC4-8440-D03275974DEC}.Debug|Any CPU.ActiveCfg = Debug|Any CPU
		{16B5BD39-3659-4DC4-8440-D03275974DEC}.Debug|Any CPU.Build.0 = Debug|Any CPU
		{16B5BD39-3659-4DC4-8440-D03275974DEC}.Release|Any CPU.ActiveCfg = Release|Any CPU
		{16B5BD39-3659-4DC4-8440-D03275974DEC}.Release|Any CPU.Build.0 = Release|Any CPU
		{B73D1A41-0D16-4821-B847-860537E66461}.Debug|Any CPU.ActiveCfg = Debug|Any CPU
		{B73D1A41-0D16-4821-B847-860537E66461}.Debug|Any CPU.Build.0 = Debug|Any CPU
		{B73D1A41-0D16-4821-B847-860537E66461}.Release|Any CPU.ActiveCfg = Release|Any CPU
		{B73D1A41-0D16-4821-B847-860537E66461}.Release|Any CPU.Build.0 = Release|Any CPU
		{1757EAF5-9BD4-4AC9-9FD5-B57AFAD90E00}.Debug|Any CPU.ActiveCfg = Debug|Any CPU
		{1757EAF5-9BD4-4AC9-9FD5-B57AFAD90E00}.Debug|Any CPU.Build.0 = Debug|Any CPU
		{1757EAF5-9BD4-4AC9-9FD5-B57AFAD90E00}.Release|Any CPU.ActiveCfg = Release|Any CPU
		{1757EAF5-9BD4-4AC9-9FD5-B57AFAD90E00}.Release|Any CPU.Build.0 = Release|Any CPU
		{72F8C640-00D3-4B8F-A85B-72FBC1409C3B}.Debug|Any CPU.ActiveCfg = Debug|Any CPU
		{72F8C640-00D3-4B8F-A85B-72FBC1409C3B}.Debug|Any CPU.Build.0 = Debug|Any CPU
		{72F8C640-00D3-4B8F-A85B-72FBC1409C3B}.Release|Any CPU.ActiveCfg = Release|Any CPU
		{72F8C640-00D3-4B8F-A85B-72FBC1409C3B}.Release|Any CPU.Build.0 = Release|Any CPU
		{76E25923-1F2F-4B90-B693-985667522FCA}.Debug|Any CPU.ActiveCfg = Debug|Any CPU
		{76E25923-1F2F-4B90-B693-985667522FCA}.Debug|Any CPU.Build.0 = Debug|Any CPU
		{76E25923-1F2F-4B90-B693-985667522FCA}.Release|Any CPU.ActiveCfg = Release|Any CPU
		{76E25923-1F2F-4B90-B693-985667522FCA}.Release|Any CPU.Build.0 = Release|Any CPU
		{4107D4CE-40D5-4400-8EC2-15BE2378F115}.Debug|Any CPU.ActiveCfg = Debug|Any CPU
		{4107D4CE-40D5-4400-8EC2-15BE2378F115}.Debug|Any CPU.Build.0 = Debug|Any CPU
		{4107D4CE-40D5-4400-8EC2-15BE2378F115}.Release|Any CPU.ActiveCfg = Release|Any CPU
		{4107D4CE-40D5-4400-8EC2-15BE2378F115}.Release|Any CPU.Build.0 = Release|Any CPU
		{553E6748-5A9C-4707-BC41-C2966533C1C9}.Debug|Any CPU.ActiveCfg = Debug|Any CPU
		{553E6748-5A9C-4707-BC41-C2966533C1C9}.Debug|Any CPU.Build.0 = Debug|Any CPU
		{553E6748-5A9C-4707-BC41-C2966533C1C9}.Release|Any CPU.ActiveCfg = Release|Any CPU
		{553E6748-5A9C-4707-BC41-C2966533C1C9}.Release|Any CPU.Build.0 = Release|Any CPU
		{D96C3B8B-DF15-4AE5-9F77-984979B78482}.Debug|Any CPU.ActiveCfg = Debug|Any CPU
		{D96C3B8B-DF15-4AE5-9F77-984979B78482}.Debug|Any CPU.Build.0 = Debug|Any CPU
		{D96C3B8B-DF15-4AE5-9F77-984979B78482}.Release|Any CPU.ActiveCfg = Release|Any CPU
		{D96C3B8B-DF15-4AE5-9F77-984979B78482}.Release|Any CPU.Build.0 = Release|Any CPU
		{0D9D0F7B-1DE1-4428-BB98-64DC42DAC3B7}.Debug|Any CPU.ActiveCfg = Debug|Any CPU
		{0D9D0F7B-1DE1-4428-BB98-64DC42DAC3B7}.Debug|Any CPU.Build.0 = Debug|Any CPU
		{0D9D0F7B-1DE1-4428-BB98-64DC42DAC3B7}.Release|Any CPU.ActiveCfg = Release|Any CPU
		{0D9D0F7B-1DE1-4428-BB98-64DC42DAC3B7}.Release|Any CPU.Build.0 = Release|Any CPU
		{D3C6AD78-BA8A-422C-AF3D-6AC3CD913FC1}.Debug|Any CPU.ActiveCfg = Debug|Any CPU
		{D3C6AD78-BA8A-422C-AF3D-6AC3CD913FC1}.Debug|Any CPU.Build.0 = Debug|Any CPU
		{D3C6AD78-BA8A-422C-AF3D-6AC3CD913FC1}.Release|Any CPU.ActiveCfg = Release|Any CPU
		{D3C6AD78-BA8A-422C-AF3D-6AC3CD913FC1}.Release|Any CPU.Build.0 = Release|Any CPU
		{1614FF4C-C0AB-4419-9F0D-654F31A8AA3B}.Debug|Any CPU.ActiveCfg = Debug|Any CPU
		{1614FF4C-C0AB-4419-9F0D-654F31A8AA3B}.Debug|Any CPU.Build.0 = Debug|Any CPU
		{1614FF4C-C0AB-4419-9F0D-654F31A8AA3B}.Release|Any CPU.ActiveCfg = Release|Any CPU
		{1614FF4C-C0AB-4419-9F0D-654F31A8AA3B}.Release|Any CPU.Build.0 = Release|Any CPU
		{8B88F30E-230E-492D-A27E-D8076B15ADDA}.Debug|Any CPU.ActiveCfg = Debug|Any CPU
		{8B88F30E-230E-492D-A27E-D8076B15ADDA}.Debug|Any CPU.Build.0 = Debug|Any CPU
		{8B88F30E-230E-492D-A27E-D8076B15ADDA}.Release|Any CPU.ActiveCfg = Release|Any CPU
		{8B88F30E-230E-492D-A27E-D8076B15ADDA}.Release|Any CPU.Build.0 = Release|Any CPU
		{53F13853-4928-4990-A054-0BCE597BE179}.Debug|Any CPU.ActiveCfg = Debug|Any CPU
		{53F13853-4928-4990-A054-0BCE597BE179}.Debug|Any CPU.Build.0 = Debug|Any CPU
		{53F13853-4928-4990-A054-0BCE597BE179}.Release|Any CPU.ActiveCfg = Release|Any CPU
		{53F13853-4928-4990-A054-0BCE597BE179}.Release|Any CPU.Build.0 = Release|Any CPU
		{0B37C105-63E0-449C-A378-5DE5E3F720D2}.Debug|Any CPU.ActiveCfg = Debug|Any CPU
		{0B37C105-63E0-449C-A378-5DE5E3F720D2}.Debug|Any CPU.Build.0 = Debug|Any CPU
		{0B37C105-63E0-449C-A378-5DE5E3F720D2}.Release|Any CPU.ActiveCfg = Release|Any CPU
		{0B37C105-63E0-449C-A378-5DE5E3F720D2}.Release|Any CPU.Build.0 = Release|Any CPU
		{42E12A32-7657-47E8-BE2E-7FC45034E72E}.Debug|Any CPU.ActiveCfg = Debug|Any CPU
		{42E12A32-7657-47E8-BE2E-7FC45034E72E}.Debug|Any CPU.Build.0 = Debug|Any CPU
		{42E12A32-7657-47E8-BE2E-7FC45034E72E}.Release|Any CPU.ActiveCfg = Release|Any CPU
		{42E12A32-7657-47E8-BE2E-7FC45034E72E}.Release|Any CPU.Build.0 = Release|Any CPU
		{2FFAFD4C-DD17-4CB6-9A1D-44D1F8A67EB3}.Debug|Any CPU.ActiveCfg = Debug|Any CPU
		{2FFAFD4C-DD17-4CB6-9A1D-44D1F8A67EB3}.Debug|Any CPU.Build.0 = Debug|Any CPU
		{2FFAFD4C-DD17-4CB6-9A1D-44D1F8A67EB3}.Release|Any CPU.ActiveCfg = Release|Any CPU
		{2FFAFD4C-DD17-4CB6-9A1D-44D1F8A67EB3}.Release|Any CPU.Build.0 = Release|Any CPU
	EndGlobalSection
	GlobalSection(SolutionProperties) = preSolution
		HideSolutionNode = FALSE
	EndGlobalSection
	GlobalSection(NestedProjects) = preSolution
		{56B8E506-5F90-41FA-9164-4757750B335C} = {980B84BD-00C4-4A43-826E-0F9935DCD497}
		{783C5926-92CB-46E7-9D70-6794F13A9792} = {980B84BD-00C4-4A43-826E-0F9935DCD497}
		{312C25AD-E4BC-4C36-A0AF-A0FEE31C6B7D} = {980B84BD-00C4-4A43-826E-0F9935DCD497}
		{D735F75D-5471-4B2A-BD54-E94387F8C258} = {980B84BD-00C4-4A43-826E-0F9935DCD497}
		{FBDFB593-CE39-4E8A-8292-B8FC74723453} = {980B84BD-00C4-4A43-826E-0F9935DCD497}
		{0F243A3F-D351-485A-8DF2-3B90898EE384} = {980B84BD-00C4-4A43-826E-0F9935DCD497}
		{2E64A552-61FD-4732-8F24-D8F234D4FB63} = {980B84BD-00C4-4A43-826E-0F9935DCD497}
		{B51F5324-7C2E-4F9F-8EC5-5CE1D34E881A} = {980B84BD-00C4-4A43-826E-0F9935DCD497}
		{16B5BD39-3659-4DC4-8440-D03275974DEC} = {980B84BD-00C4-4A43-826E-0F9935DCD497}
		{B73D1A41-0D16-4821-B847-860537E66461} = {980B84BD-00C4-4A43-826E-0F9935DCD497}
		{1757EAF5-9BD4-4AC9-9FD5-B57AFAD90E00} = {6FCAAF04-87C1-4E0D-851C-57BC6331BAED}
		{72F8C640-00D3-4B8F-A85B-72FBC1409C3B} = {6FCAAF04-87C1-4E0D-851C-57BC6331BAED}
		{76E25923-1F2F-4B90-B693-985667522FCA} = {6FCAAF04-87C1-4E0D-851C-57BC6331BAED}
		{4107D4CE-40D5-4400-8EC2-15BE2378F115} = {6FCAAF04-87C1-4E0D-851C-57BC6331BAED}
		{553E6748-5A9C-4707-BC41-C2966533C1C9} = {6FCAAF04-87C1-4E0D-851C-57BC6331BAED}
		{D96C3B8B-DF15-4AE5-9F77-984979B78482} = {6FCAAF04-87C1-4E0D-851C-57BC6331BAED}
		{0D9D0F7B-1DE1-4428-BB98-64DC42DAC3B7} = {6FCAAF04-87C1-4E0D-851C-57BC6331BAED}
		{8B88F30E-230E-492D-A27E-D8076B15ADDA} = {6FCAAF04-87C1-4E0D-851C-57BC6331BAED}
		{53F13853-4928-4990-A054-0BCE597BE179} = {6FCAAF04-87C1-4E0D-851C-57BC6331BAED}
		{0B37C105-63E0-449C-A378-5DE5E3F720D2} = {6FCAAF04-87C1-4E0D-851C-57BC6331BAED}
		{42E12A32-7657-47E8-BE2E-7FC45034E72E} = {6FCAAF04-87C1-4E0D-851C-57BC6331BAED}
		{2FFAFD4C-DD17-4CB6-9A1D-44D1F8A67EB3} = {6FCAAF04-87C1-4E0D-851C-57BC6331BAED}
	EndGlobalSection
	GlobalSection(ExtensibilityGlobals) = postSolution
		SolutionGuid = {D335C34C-F512-47B5-8CBB-D5C45098B0BE}
	EndGlobalSection
EndGlobal
