
Microsoft Visual Studio Solution File, Format Version 12.00
# Visual Studio 15
VisualStudioVersion = 15.0.27130.2027
MinimumVisualStudioVersion = 10.0.40219.1
Project("{FAE04EC0-301F-11D3-BF4B-00C04F79EFBC}") = "assignment03", "assignment03\assignment03.csproj", "{56B8E506-5F90-41FA-9164-4757750B335C}"
EndProject
Project("{FAE04EC0-301F-11D3-BF4B-00C04F79EFBC}") = "assignment04", "assignment04\assignment04.csproj", "{783C5926-92CB-46E7-9D70-6794F13A9792}"
EndProject
Project("{FAE04EC0-301F-11D3-BF4B-00C04F79EFBC}") = "assignment06", "assignment06\assignment06.csproj", "{D735F75D-5471-4B2A-BD54-E94387F8C258}"
EndProject
Project("{FAE04EC0-301F-11D3-BF4B-00C04F79EFBC}") = "assignment01", "assignment01\assignment01.csproj", "{FBDFB593-CE39-4E8A-8292-B8FC74723453}"
EndProject
Project("{FAE04EC0-301F-11D3-BF4B-00C04F79EFBC}") = "assignment02", "assignment02\assignment02.csproj", "{0F243A3F-D351-485A-8DF2-3B90898EE384}"
EndProject
Project("{FAE04EC0-301F-11D3-BF4B-00C04F79EFBC}") = "assignment07", "assignment07\assignment07.csproj", "{2E64A552-61FD-4732-8F24-D8F234D4FB63}"
EndProject
Project("{FAE04EC0-301F-11D3-BF4B-00C04F79EFBC}") = "assignment08", "assignment08\assignment08.csproj", "{B51F5324-7C2E-4F9F-8EC5-5CE1D34E881A}"
EndProject
Project("{FAE04EC0-301F-11D3-BF4B-00C04F79EFBC}") = "assignment09", "assignment09\assignment09.csproj", "{16B5BD39-3659-4DC4-8440-D03275974DEC}"
EndProject
Project("{FAE04EC0-301F-11D3-BF4B-00C04F79EFBC}") = "assignment10", "assignment10\assignment10.csproj", "{B73D1A41-0D16-4821-B847-860537E66461}"
EndProject
Project("{2150E333-8FDC-42A3-9474-1A3956D46DE8}") = "L02", "L02", "{6FCAAF04-87C1-4E0D-851C-57BC6331BAED}"
EndProject
Project("{2150E333-8FDC-42A3-9474-1A3956D46DE8}") = "L01", "L01", "{980B84BD-00C4-4A43-826E-0F9935DCD497}"
EndProject
Project("{FAE04EC0-301F-11D3-BF4B-00C04F79EFBC}") = "L02_assignment01", "L02\L02_assignment01\L02_assignment01.csproj", "{1757EAF5-9BD4-4AC9-9FD5-B57AFAD90E00}"
EndProject
Project("{FAE04EC0-301F-11D3-BF4B-00C04F79EFBC}") = "L02_assignment02", "L02\L02_assignment02\L02_assignment02.csproj", "{72F8C640-00D3-4B8F-A85B-72FBC1409C3B}"
EndProject
Project("{FAE04EC0-301F-11D3-BF4B-00C04F79EFBC}") = "L02_assignment03", "L02_assignment03\L02_assignment03.csproj", "{76E25923-1F2F-4B90-B693-985667522FCA}"
EndProject
Project("{FAE04EC0-301F-11D3-BF4B-00C04F79EFBC}") = "L02_assignment04", "L02_assignment04\L02_assignment04.csproj", "{4107D4CE-40D5-4400-8EC2-15BE2378F115}"
EndProject
Project("{FAE04EC0-301F-11D3-BF4B-00C04F79EFBC}") = "L02_assignment07", "L02_assignment07\L02_assignment07.csproj", "{D96C3B8B-DF15-4AE5-9F77-984979B78482}"
EndProject
Project("{FAE04EC0-301F-11D3-BF4B-00C04F79EFBC}") = "L02_assignment08", "L08_assignment08\L02_assignment08.csproj", "{0D9D0F7B-1DE1-4428-BB98-64DC42DAC3B7}"
EndProject
Project("{FAE04EC0-301F-11D3-BF4B-00C04F79EFBC}") = "L02_assignment10", "L02\L02_assignment10\L02_assignment10.csproj", "{8B88F30E-230E-492D-A27E-D8076B15ADDA}"
EndProject
Project("{FAE04EC0-301F-11D3-BF4B-00C04F79EFBC}") = "L02_assignment09", "L02\L02_assignment09\L02_assignment09.csproj", "{53F13853-4928-4990-A054-0BCE597BE179}"
EndProject
Project("{FAE04EC0-301F-11D3-BF4B-00C04F79EFBC}") = "L02_assignment09_improved", "L02\L02_assignment09_improved\L02_assignment09_improved.csproj", "{0B37C105-63E0-449C-A378-5DE5E3F720D2}"
EndProject
Project("{FAE04EC0-301F-11D3-BF4B-00C04F79EFBC}") = "L02_assignment10_improved", "L02\L02_assignment10_improved\L02_assignment10_improved.csproj", "{42E12A32-7657-47E8-BE2E-7FC45034E72E}"
EndProject
Project("{FAE04EC0-301F-11D3-BF4B-00C04F79EFBC}") = "L02_assignment05", "L02\L02_assignment05\L02_assignment05.csproj", "{2FFAFD4C-DD17-4CB6-9A1D-44D1F8A67EB3}"
EndProject
Project("{FAE04EC0-301F-11D3-BF4B-00C04F79EFBC}") = "L02_assignment06", "L02\L02_assignment06\L02_assignment06.csproj", "{553E6748-5A9C-4707-BC41-C2966533C1C9}"
EndProject
Project("{FAE04EC0-301F-11D3-BF4B-00C04F79EFBC}") = "CarApplication", "Examples\L03ex\CarApplication\CarApplication.csproj", "{1614FF4C-C0AB-4419-9F0D-654F31A8AA3B}"
EndProject
Project("{FAE04EC0-301F-11D3-BF4B-00C04F79EFBC}") = "L03_assignment01", "L03_assignment01\L03_assignment01.csproj", "{84E2CF26-E8EE-4337-95C8-4D5C0775E04B}"
EndProject
Project("{2150E333-8FDC-42A3-9474-1A3956D46DE8}") = "L03", "L03", "{6467E638-0877-4C98-8CAB-265CB743169C}"
EndProject
Project("{FAE04EC0-301F-11D3-BF4B-00C04F79EFBC}") = "L03_assignment06", "L03\L03_assignment06\L03_assignment06.csproj", "{977AE15C-43D9-44E2-B2A7-460CB0767D9A}"
EndProject
Project("{FAE04EC0-301F-11D3-BF4B-00C04F79EFBC}") = "L03_assignment07", "L03\L03_assignment07\L03_assignment07.csproj", "{4267786B-3DE2-423D-8D95-B207AABAD0D7}"
EndProject
Project("{FAE04EC0-301F-11D3-BF4B-00C04F79EFBC}") = "assignment05", "L01\assignment05\assignment05.csproj", "{312C25AD-E4BC-4C36-A0AF-A0FEE31C6B7D}"
EndProject
Project("{FAE04EC0-301F-11D3-BF4B-00C04F79EFBC}") = "StaticMembers", "Examples\L05\StaticMembers\StaticMembers.csproj", "{EC5332C4-4362-4172-8606-26580A8C1585}"
EndProject
Project("{FAE04EC0-301F-11D3-BF4B-00C04F79EFBC}") = "CatCreate", "Examples\L05\CatCreate\CatCreate.csproj", "{77077188-8709-4079-BE75-B7151947526A}"
EndProject
Project("{FAE04EC0-301F-11D3-BF4B-00C04F79EFBC}") = "TypeConversions", "Examples\L05\TypeConversions\TypeConversions.csproj", "{9E54A2C3-1266-404C-A31F-6FF1B3875D98}"
EndProject
Project("{FAE04EC0-301F-11D3-BF4B-00C04F79EFBC}") = "L06_person", "Examples\L06_examples\L06_person\L06_person.csproj", "{D5B484EF-95DD-4D30-9C3F-45D6DE313351}"
EndProject
Project("{FAE04EC0-301F-11D3-BF4B-00C04F79EFBC}") = "L06_animals", "Examples\L06_examples\L06_animals\L06_animals.csproj", "{E55ECCC3-6EEC-43BB-ADA4-1370BF0A5B71}"
EndProject
Project("{2150E333-8FDC-42A3-9474-1A3956D46DE8}") = "L05", "L05", "{95D2F092-749D-4B42-89F7-D980BCC1DB65}"
EndProject
Project("{FAE04EC0-301F-11D3-BF4B-00C04F79EFBC}") = "L05_assignment03", "L05\L05_assignment03\L05_assignment03\L05_assignment03.csproj", "{8DC784D8-D6E1-42D0-94BC-C05C350C5C7D}"
EndProject
Project("{FAE04EC0-301F-11D3-BF4B-00C04F79EFBC}") = "L05_assignment01", "L05\L05_assignment01\L05_assignment01.csproj", "{DAD1049D-6F5E-42D4-B7D5-E8F55584512C}"
EndProject
Project("{2150E333-8FDC-42A3-9474-1A3956D46DE8}") = "L04", "L04", "{4286F098-AC68-4886-B57B-1CB4A484C1A7}"
EndProject
Project("{FAE04EC0-301F-11D3-BF4B-00C04F79EFBC}") = "L04_assignment01", "L04\L04_assignment01\L04_assignment01.csproj", "{F526C124-DCD9-4BBD-B30D-0A11EA344539}"
EndProject
Project("{FAE04EC0-301F-11D3-BF4B-00C04F79EFBC}") = "L04_assignment02", "L04\L04_assignment02\L04_assignment02.csproj", "{40290922-40EC-4CA9-B254-62688D90E1BA}"
EndProject
Project("{FAE04EC0-301F-11D3-BF4B-00C04F79EFBC}") = "L04_assignment03", "L04\L04_assignment03\L04_assignment03.csproj", "{3798B3AC-138A-4A07-81E6-9092DA8F567A}"
EndProject
Project("{2150E333-8FDC-42A3-9474-1A3956D46DE8}") = "Examples", "Examples", "{E89F8EE6-D94E-48AA-964A-7453181BBDAD}"
EndProject
Project("{FAE04EC0-301F-11D3-BF4B-00C04F79EFBC}") = "L03_example", "Examples\L03ex\L03_example\L03_example.csproj", "{A1EDE1B0-4CC8-476F-8D75-96FFB6D21CFA}"
EndProject
Project("{FAE04EC0-301F-11D3-BF4B-00C04F79EFBC}") = "Temp", "Temp\Temp\Temp.csproj", "{2E79ECFB-EB68-4F68-B483-D6D95531097F}"
EndProject
Project("{FAE04EC0-301F-11D3-BF4B-00C04F79EFBC}") = "L07_ex_shapes", "Examples\L07_ex_shapes\L07_ex_shapes.csproj", "{82769AE2-2ADC-4587-B728-A94B025818C8}"
EndProject
Project("{FAE04EC0-301F-11D3-BF4B-00C04F79EFBC}") = "L07_ex_aggregation", "Examples\L07_ex_aggregation\L07_ex_aggregation.csproj", "{E15A75C7-12F8-4EA7-A4AB-4CC4CAB8C706}"
EndProject
Project("{2150E333-8FDC-42A3-9474-1A3956D46DE8}") = "L06", "L06", "{56662271-628B-4316-85C5-BA4437663D1F}"
EndProject
Project("{FAE04EC0-301F-11D3-BF4B-00C04F79EFBC}") = "L06_assignment01", "L06\L06_assignment01\L06_assignment01.csproj", "{BF368601-C52F-4F3F-B3C5-18C2B45DB0D2}"
EndProject
Project("{FAE04EC0-301F-11D3-BF4B-00C04F79EFBC}") = "L06_assignment02", "L06\L06_assignment02\L06_assignment02.csproj", "{4E9FD5DD-0FD7-423E-A236-C35EA8DD028C}"
EndProject
Project("{FAE04EC0-301F-11D3-BF4B-00C04F79EFBC}") = "L06_assignment03", "L06\L06_assignment03\L06_assignment03.csproj", "{69B9957C-08CB-4998-9E0E-50E356BDAC77}"
EndProject
Project("{FAE04EC0-301F-11D3-BF4B-00C04F79EFBC}") = "L06_assignment05", "L06\L06_assignment05\L06_assignment05.csproj", "{456ADE28-BA0E-4465-876B-18249C9D1B30}"
EndProject
Project("{FAE04EC0-301F-11D3-BF4B-00C04F79EFBC}") = "L06_assignment04", "L06\L06_assignment04\L06_assignment04.csproj", "{C2418606-1CB8-4E9A-A645-DC47B410C53C}"
EndProject
Project("{2150E333-8FDC-42A3-9474-1A3956D46DE8}") = "L07", "L07", "{EF30ADE8-2DC5-47EB-9C60-9E2444335F9D}"
EndProject
Project("{FAE04EC0-301F-11D3-BF4B-00C04F79EFBC}") = "L07_assignment_01", "L07\L07_assignment_01\L07_assignment_01.csproj", "{38DA8445-D1E4-41EF-B420-1DDFF8CC65E3}"
EndProject
Project("{FAE04EC0-301F-11D3-BF4B-00C04F79EFBC}") = "L08_ex_interface", "Examples\L08_ex_interface\L08_ex_interface.csproj", "{74ACBAD5-0AF0-4770-B038-B15BB05266AD}"
EndProject
Project("{FAE04EC0-301F-11D3-BF4B-00C04F79EFBC}") = "L08_ex_interface_example", "Examples\L08_ex_interface_example\L08_ex_interface_example.csproj", "{CC860BA3-DC07-4381-865C-90780B273A35}"
EndProject
Project("{FAE04EC0-301F-11D3-BF4B-00C04F79EFBC}") = "L07_assignment_02", "L07\L07_assignment_02\L07_assignment_02.csproj", "{D3706E36-06D2-461A-A2C3-C7A620B4B0C9}"
EndProject
Project("{FAE04EC0-301F-11D3-BF4B-00C04F79EFBC}") = "L07_assignment_03", "L07\L07_assignment_03\L07_assignment_03.csproj", "{4350ADA5-0E1A-4645-BCC4-D5EB7A650D36}"
EndProject
Project("{FAE04EC0-301F-11D3-BF4B-00C04F79EFBC}") = "L07_assignment_05", "L07\L07_assignment_05\L07_assignment_05.csproj", "{1688118A-DB81-4B46-B723-D99C945FAB16}"
EndProject
Project("{FAE04EC0-301F-11D3-BF4B-00C04F79EFBC}") = "L07_assignment_06", "L07\L07_assignment_06\L07_assignment_06.csproj", "{F705233E-9A20-47C6-9B18-A002691C167B}"
EndProject
Project("{FAE04EC0-301F-11D3-BF4B-00C04F79EFBC}") = "L09_ex_collections", "Examples\L09_ex_collections\L09_ex_collections.csproj", "{544C8ECA-0790-4658-9981-7F33942DBD37}"
EndProject
Project("{FAE04EC0-301F-11D3-BF4B-00C04F79EFBC}") = "L09_ex_collections1", "Examples\L09_ex_collections1\L09_ex_collections1.csproj", "{4D78E557-6FAD-4E85-94A5-191812CD0D4F}"
EndProject
Project("{FAE04EC0-301F-11D3-BF4B-00C04F79EFBC}") = "L09_ex_stack", "Examples\L09_ex_stack\L09_ex_stack.csproj", "{2CB139D2-2D06-488A-8351-F3353AA410D6}"
EndProject
Project("{FAE04EC0-301F-11D3-BF4B-00C04F79EFBC}") = "L09_ex_queue", "Examples\L09_ex_queue\L09_ex_queue.csproj", "{6A947FAD-4E84-4E96-BBD9-566EF329A85B}"
EndProject
Project("{FAE04EC0-301F-11D3-BF4B-00C04F79EFBC}") = "L09_ex_dict", "Examples\L09_ex_dict\L09_ex_dict.csproj", "{A6D68521-90F7-40DC-88FE-53DDD4820783}"
EndProject
Project("{2150E333-8FDC-42A3-9474-1A3956D46DE8}") = "L08", "L08", "{01C9C188-6BFA-4695-8120-F1BF6C64FD65}"
EndProject
Project("{FAE04EC0-301F-11D3-BF4B-00C04F79EFBC}") = "L08_assignment_01", "L08\L08_assignment_01\L08_assignment_01.csproj", "{9582199E-4D89-4AA0-8576-5AA85690DE2E}"
EndProject
Project("{FAE04EC0-301F-11D3-BF4B-00C04F79EFBC}") = "L08_assignment_02", "L08\L08_assignment_02\L08_assignment_02.csproj", "{DCD16574-01B8-41A6-8DEE-0B9F10AFA650}"
EndProject
Global
	GlobalSection(SolutionConfigurationPlatforms) = preSolution
		Debug|Any CPU = Debug|Any CPU
		Release|Any CPU = Release|Any CPU
	EndGlobalSection
	GlobalSection(ProjectConfigurationPlatforms) = postSolution
		{56B8E506-5F90-41FA-9164-4757750B335C}.Debug|Any CPU.ActiveCfg = Debug|Any CPU
		{56B8E506-5F90-41FA-9164-4757750B335C}.Debug|Any CPU.Build.0 = Debug|Any CPU
		{56B8E506-5F90-41FA-9164-4757750B335C}.Release|Any CPU.ActiveCfg = Release|Any CPU
		{56B8E506-5F90-41FA-9164-4757750B335C}.Release|Any CPU.Build.0 = Release|Any CPU
		{783C5926-92CB-46E7-9D70-6794F13A9792}.Debug|Any CPU.ActiveCfg = Debug|Any CPU
		{783C5926-92CB-46E7-9D70-6794F13A9792}.Debug|Any CPU.Build.0 = Debug|Any CPU
		{783C5926-92CB-46E7-9D70-6794F13A9792}.Release|Any CPU.ActiveCfg = Release|Any CPU
		{783C5926-92CB-46E7-9D70-6794F13A9792}.Release|Any CPU.Build.0 = Release|Any CPU
		{D735F75D-5471-4B2A-BD54-E94387F8C258}.Debug|Any CPU.ActiveCfg = Debug|Any CPU
		{D735F75D-5471-4B2A-BD54-E94387F8C258}.Debug|Any CPU.Build.0 = Debug|Any CPU
		{D735F75D-5471-4B2A-BD54-E94387F8C258}.Release|Any CPU.ActiveCfg = Release|Any CPU
		{D735F75D-5471-4B2A-BD54-E94387F8C258}.Release|Any CPU.Build.0 = Release|Any CPU
		{FBDFB593-CE39-4E8A-8292-B8FC74723453}.Debug|Any CPU.ActiveCfg = Debug|Any CPU
		{FBDFB593-CE39-4E8A-8292-B8FC74723453}.Debug|Any CPU.Build.0 = Debug|Any CPU
		{FBDFB593-CE39-4E8A-8292-B8FC74723453}.Release|Any CPU.ActiveCfg = Release|Any CPU
		{FBDFB593-CE39-4E8A-8292-B8FC74723453}.Release|Any CPU.Build.0 = Release|Any CPU
		{0F243A3F-D351-485A-8DF2-3B90898EE384}.Debug|Any CPU.ActiveCfg = Debug|Any CPU
		{0F243A3F-D351-485A-8DF2-3B90898EE384}.Debug|Any CPU.Build.0 = Debug|Any CPU
		{0F243A3F-D351-485A-8DF2-3B90898EE384}.Release|Any CPU.ActiveCfg = Release|Any CPU
		{0F243A3F-D351-485A-8DF2-3B90898EE384}.Release|Any CPU.Build.0 = Release|Any CPU
		{2E64A552-61FD-4732-8F24-D8F234D4FB63}.Debug|Any CPU.ActiveCfg = Debug|Any CPU
		{2E64A552-61FD-4732-8F24-D8F234D4FB63}.Debug|Any CPU.Build.0 = Debug|Any CPU
		{2E64A552-61FD-4732-8F24-D8F234D4FB63}.Release|Any CPU.ActiveCfg = Release|Any CPU
		{2E64A552-61FD-4732-8F24-D8F234D4FB63}.Release|Any CPU.Build.0 = Release|Any CPU
		{B51F5324-7C2E-4F9F-8EC5-5CE1D34E881A}.Debug|Any CPU.ActiveCfg = Debug|Any CPU
		{B51F5324-7C2E-4F9F-8EC5-5CE1D34E881A}.Debug|Any CPU.Build.0 = Debug|Any CPU
		{B51F5324-7C2E-4F9F-8EC5-5CE1D34E881A}.Release|Any CPU.ActiveCfg = Release|Any CPU
		{B51F5324-7C2E-4F9F-8EC5-5CE1D34E881A}.Release|Any CPU.Build.0 = Release|Any CPU
		{16B5BD39-3659-4DC4-8440-D03275974DEC}.Debug|Any CPU.ActiveCfg = Debug|Any CPU
		{16B5BD39-3659-4DC4-8440-D03275974DEC}.Debug|Any CPU.Build.0 = Debug|Any CPU
		{16B5BD39-3659-4DC4-8440-D03275974DEC}.Release|Any CPU.ActiveCfg = Release|Any CPU
		{16B5BD39-3659-4DC4-8440-D03275974DEC}.Release|Any CPU.Build.0 = Release|Any CPU
		{B73D1A41-0D16-4821-B847-860537E66461}.Debug|Any CPU.ActiveCfg = Debug|Any CPU
		{B73D1A41-0D16-4821-B847-860537E66461}.Debug|Any CPU.Build.0 = Debug|Any CPU
		{B73D1A41-0D16-4821-B847-860537E66461}.Release|Any CPU.ActiveCfg = Release|Any CPU
		{B73D1A41-0D16-4821-B847-860537E66461}.Release|Any CPU.Build.0 = Release|Any CPU
		{1757EAF5-9BD4-4AC9-9FD5-B57AFAD90E00}.Debug|Any CPU.ActiveCfg = Debug|Any CPU
		{1757EAF5-9BD4-4AC9-9FD5-B57AFAD90E00}.Debug|Any CPU.Build.0 = Debug|Any CPU
		{1757EAF5-9BD4-4AC9-9FD5-B57AFAD90E00}.Release|Any CPU.ActiveCfg = Release|Any CPU
		{1757EAF5-9BD4-4AC9-9FD5-B57AFAD90E00}.Release|Any CPU.Build.0 = Release|Any CPU
		{72F8C640-00D3-4B8F-A85B-72FBC1409C3B}.Debug|Any CPU.ActiveCfg = Debug|Any CPU
		{72F8C640-00D3-4B8F-A85B-72FBC1409C3B}.Debug|Any CPU.Build.0 = Debug|Any CPU
		{72F8C640-00D3-4B8F-A85B-72FBC1409C3B}.Release|Any CPU.ActiveCfg = Release|Any CPU
		{72F8C640-00D3-4B8F-A85B-72FBC1409C3B}.Release|Any CPU.Build.0 = Release|Any CPU
		{76E25923-1F2F-4B90-B693-985667522FCA}.Debug|Any CPU.ActiveCfg = Debug|Any CPU
		{76E25923-1F2F-4B90-B693-985667522FCA}.Debug|Any CPU.Build.0 = Debug|Any CPU
		{76E25923-1F2F-4B90-B693-985667522FCA}.Release|Any CPU.ActiveCfg = Release|Any CPU
		{76E25923-1F2F-4B90-B693-985667522FCA}.Release|Any CPU.Build.0 = Release|Any CPU
		{4107D4CE-40D5-4400-8EC2-15BE2378F115}.Debug|Any CPU.ActiveCfg = Debug|Any CPU
		{4107D4CE-40D5-4400-8EC2-15BE2378F115}.Debug|Any CPU.Build.0 = Debug|Any CPU
		{4107D4CE-40D5-4400-8EC2-15BE2378F115}.Release|Any CPU.ActiveCfg = Release|Any CPU
		{4107D4CE-40D5-4400-8EC2-15BE2378F115}.Release|Any CPU.Build.0 = Release|Any CPU
		{D96C3B8B-DF15-4AE5-9F77-984979B78482}.Debug|Any CPU.ActiveCfg = Debug|Any CPU
		{D96C3B8B-DF15-4AE5-9F77-984979B78482}.Debug|Any CPU.Build.0 = Debug|Any CPU
		{D96C3B8B-DF15-4AE5-9F77-984979B78482}.Release|Any CPU.ActiveCfg = Release|Any CPU
		{D96C3B8B-DF15-4AE5-9F77-984979B78482}.Release|Any CPU.Build.0 = Release|Any CPU
		{0D9D0F7B-1DE1-4428-BB98-64DC42DAC3B7}.Debug|Any CPU.ActiveCfg = Debug|Any CPU
		{0D9D0F7B-1DE1-4428-BB98-64DC42DAC3B7}.Debug|Any CPU.Build.0 = Debug|Any CPU
		{0D9D0F7B-1DE1-4428-BB98-64DC42DAC3B7}.Release|Any CPU.ActiveCfg = Release|Any CPU
		{0D9D0F7B-1DE1-4428-BB98-64DC42DAC3B7}.Release|Any CPU.Build.0 = Release|Any CPU
		{8B88F30E-230E-492D-A27E-D8076B15ADDA}.Debug|Any CPU.ActiveCfg = Debug|Any CPU
		{8B88F30E-230E-492D-A27E-D8076B15ADDA}.Debug|Any CPU.Build.0 = Debug|Any CPU
		{8B88F30E-230E-492D-A27E-D8076B15ADDA}.Release|Any CPU.ActiveCfg = Release|Any CPU
		{8B88F30E-230E-492D-A27E-D8076B15ADDA}.Release|Any CPU.Build.0 = Release|Any CPU
		{53F13853-4928-4990-A054-0BCE597BE179}.Debug|Any CPU.ActiveCfg = Debug|Any CPU
		{53F13853-4928-4990-A054-0BCE597BE179}.Debug|Any CPU.Build.0 = Debug|Any CPU
		{53F13853-4928-4990-A054-0BCE597BE179}.Release|Any CPU.ActiveCfg = Release|Any CPU
		{53F13853-4928-4990-A054-0BCE597BE179}.Release|Any CPU.Build.0 = Release|Any CPU
		{0B37C105-63E0-449C-A378-5DE5E3F720D2}.Debug|Any CPU.ActiveCfg = Debug|Any CPU
		{0B37C105-63E0-449C-A378-5DE5E3F720D2}.Debug|Any CPU.Build.0 = Debug|Any CPU
		{0B37C105-63E0-449C-A378-5DE5E3F720D2}.Release|Any CPU.ActiveCfg = Release|Any CPU
		{0B37C105-63E0-449C-A378-5DE5E3F720D2}.Release|Any CPU.Build.0 = Release|Any CPU
		{42E12A32-7657-47E8-BE2E-7FC45034E72E}.Debug|Any CPU.ActiveCfg = Debug|Any CPU
		{42E12A32-7657-47E8-BE2E-7FC45034E72E}.Debug|Any CPU.Build.0 = Debug|Any CPU
		{42E12A32-7657-47E8-BE2E-7FC45034E72E}.Release|Any CPU.ActiveCfg = Release|Any CPU
		{42E12A32-7657-47E8-BE2E-7FC45034E72E}.Release|Any CPU.Build.0 = Release|Any CPU
		{2FFAFD4C-DD17-4CB6-9A1D-44D1F8A67EB3}.Debug|Any CPU.ActiveCfg = Debug|Any CPU
		{2FFAFD4C-DD17-4CB6-9A1D-44D1F8A67EB3}.Debug|Any CPU.Build.0 = Debug|Any CPU
		{2FFAFD4C-DD17-4CB6-9A1D-44D1F8A67EB3}.Release|Any CPU.ActiveCfg = Release|Any CPU
		{2FFAFD4C-DD17-4CB6-9A1D-44D1F8A67EB3}.Release|Any CPU.Build.0 = Release|Any CPU
		{553E6748-5A9C-4707-BC41-C2966533C1C9}.Debug|Any CPU.ActiveCfg = Debug|Any CPU
		{553E6748-5A9C-4707-BC41-C2966533C1C9}.Debug|Any CPU.Build.0 = Debug|Any CPU
		{553E6748-5A9C-4707-BC41-C2966533C1C9}.Release|Any CPU.ActiveCfg = Release|Any CPU
		{553E6748-5A9C-4707-BC41-C2966533C1C9}.Release|Any CPU.Build.0 = Release|Any CPU
		{1614FF4C-C0AB-4419-9F0D-654F31A8AA3B}.Debug|Any CPU.ActiveCfg = Debug|Any CPU
		{1614FF4C-C0AB-4419-9F0D-654F31A8AA3B}.Debug|Any CPU.Build.0 = Debug|Any CPU
		{1614FF4C-C0AB-4419-9F0D-654F31A8AA3B}.Release|Any CPU.ActiveCfg = Release|Any CPU
		{1614FF4C-C0AB-4419-9F0D-654F31A8AA3B}.Release|Any CPU.Build.0 = Release|Any CPU
		{84E2CF26-E8EE-4337-95C8-4D5C0775E04B}.Debug|Any CPU.ActiveCfg = Debug|Any CPU
		{84E2CF26-E8EE-4337-95C8-4D5C0775E04B}.Debug|Any CPU.Build.0 = Debug|Any CPU
		{84E2CF26-E8EE-4337-95C8-4D5C0775E04B}.Release|Any CPU.ActiveCfg = Release|Any CPU
		{84E2CF26-E8EE-4337-95C8-4D5C0775E04B}.Release|Any CPU.Build.0 = Release|Any CPU
		{977AE15C-43D9-44E2-B2A7-460CB0767D9A}.Debug|Any CPU.ActiveCfg = Debug|Any CPU
		{977AE15C-43D9-44E2-B2A7-460CB0767D9A}.Debug|Any CPU.Build.0 = Debug|Any CPU
		{977AE15C-43D9-44E2-B2A7-460CB0767D9A}.Release|Any CPU.ActiveCfg = Release|Any CPU
		{977AE15C-43D9-44E2-B2A7-460CB0767D9A}.Release|Any CPU.Build.0 = Release|Any CPU
		{4267786B-3DE2-423D-8D95-B207AABAD0D7}.Debug|Any CPU.ActiveCfg = Debug|Any CPU
		{4267786B-3DE2-423D-8D95-B207AABAD0D7}.Debug|Any CPU.Build.0 = Debug|Any CPU
		{4267786B-3DE2-423D-8D95-B207AABAD0D7}.Release|Any CPU.ActiveCfg = Release|Any CPU
		{4267786B-3DE2-423D-8D95-B207AABAD0D7}.Release|Any CPU.Build.0 = Release|Any CPU
		{312C25AD-E4BC-4C36-A0AF-A0FEE31C6B7D}.Debug|Any CPU.ActiveCfg = Debug|Any CPU
		{312C25AD-E4BC-4C36-A0AF-A0FEE31C6B7D}.Debug|Any CPU.Build.0 = Debug|Any CPU
		{312C25AD-E4BC-4C36-A0AF-A0FEE31C6B7D}.Release|Any CPU.ActiveCfg = Release|Any CPU
		{312C25AD-E4BC-4C36-A0AF-A0FEE31C6B7D}.Release|Any CPU.Build.0 = Release|Any CPU
		{EC5332C4-4362-4172-8606-26580A8C1585}.Debug|Any CPU.ActiveCfg = Debug|Any CPU
		{EC5332C4-4362-4172-8606-26580A8C1585}.Debug|Any CPU.Build.0 = Debug|Any CPU
		{EC5332C4-4362-4172-8606-26580A8C1585}.Release|Any CPU.ActiveCfg = Release|Any CPU
		{EC5332C4-4362-4172-8606-26580A8C1585}.Release|Any CPU.Build.0 = Release|Any CPU
		{77077188-8709-4079-BE75-B7151947526A}.Debug|Any CPU.ActiveCfg = Debug|Any CPU
		{77077188-8709-4079-BE75-B7151947526A}.Debug|Any CPU.Build.0 = Debug|Any CPU
		{77077188-8709-4079-BE75-B7151947526A}.Release|Any CPU.ActiveCfg = Release|Any CPU
		{77077188-8709-4079-BE75-B7151947526A}.Release|Any CPU.Build.0 = Release|Any CPU
		{9E54A2C3-1266-404C-A31F-6FF1B3875D98}.Debug|Any CPU.ActiveCfg = Debug|Any CPU
		{9E54A2C3-1266-404C-A31F-6FF1B3875D98}.Debug|Any CPU.Build.0 = Debug|Any CPU
		{9E54A2C3-1266-404C-A31F-6FF1B3875D98}.Release|Any CPU.ActiveCfg = Release|Any CPU
		{9E54A2C3-1266-404C-A31F-6FF1B3875D98}.Release|Any CPU.Build.0 = Release|Any CPU
		{D5B484EF-95DD-4D30-9C3F-45D6DE313351}.Debug|Any CPU.ActiveCfg = Debug|Any CPU
		{D5B484EF-95DD-4D30-9C3F-45D6DE313351}.Debug|Any CPU.Build.0 = Debug|Any CPU
		{D5B484EF-95DD-4D30-9C3F-45D6DE313351}.Release|Any CPU.ActiveCfg = Release|Any CPU
		{D5B484EF-95DD-4D30-9C3F-45D6DE313351}.Release|Any CPU.Build.0 = Release|Any CPU
		{E55ECCC3-6EEC-43BB-ADA4-1370BF0A5B71}.Debug|Any CPU.ActiveCfg = Debug|Any CPU
		{E55ECCC3-6EEC-43BB-ADA4-1370BF0A5B71}.Debug|Any CPU.Build.0 = Debug|Any CPU
		{E55ECCC3-6EEC-43BB-ADA4-1370BF0A5B71}.Release|Any CPU.ActiveCfg = Release|Any CPU
		{E55ECCC3-6EEC-43BB-ADA4-1370BF0A5B71}.Release|Any CPU.Build.0 = Release|Any CPU
		{8DC784D8-D6E1-42D0-94BC-C05C350C5C7D}.Debug|Any CPU.ActiveCfg = Debug|Any CPU
		{8DC784D8-D6E1-42D0-94BC-C05C350C5C7D}.Debug|Any CPU.Build.0 = Debug|Any CPU
		{8DC784D8-D6E1-42D0-94BC-C05C350C5C7D}.Release|Any CPU.ActiveCfg = Release|Any CPU
		{8DC784D8-D6E1-42D0-94BC-C05C350C5C7D}.Release|Any CPU.Build.0 = Release|Any CPU
		{DAD1049D-6F5E-42D4-B7D5-E8F55584512C}.Debug|Any CPU.ActiveCfg = Debug|Any CPU
		{DAD1049D-6F5E-42D4-B7D5-E8F55584512C}.Debug|Any CPU.Build.0 = Debug|Any CPU
		{DAD1049D-6F5E-42D4-B7D5-E8F55584512C}.Release|Any CPU.ActiveCfg = Release|Any CPU
		{DAD1049D-6F5E-42D4-B7D5-E8F55584512C}.Release|Any CPU.Build.0 = Release|Any CPU
		{F526C124-DCD9-4BBD-B30D-0A11EA344539}.Debug|Any CPU.ActiveCfg = Debug|Any CPU
		{F526C124-DCD9-4BBD-B30D-0A11EA344539}.Debug|Any CPU.Build.0 = Debug|Any CPU
		{F526C124-DCD9-4BBD-B30D-0A11EA344539}.Release|Any CPU.ActiveCfg = Release|Any CPU
		{F526C124-DCD9-4BBD-B30D-0A11EA344539}.Release|Any CPU.Build.0 = Release|Any CPU
		{40290922-40EC-4CA9-B254-62688D90E1BA}.Debug|Any CPU.ActiveCfg = Debug|Any CPU
		{40290922-40EC-4CA9-B254-62688D90E1BA}.Debug|Any CPU.Build.0 = Debug|Any CPU
		{40290922-40EC-4CA9-B254-62688D90E1BA}.Release|Any CPU.ActiveCfg = Release|Any CPU
		{40290922-40EC-4CA9-B254-62688D90E1BA}.Release|Any CPU.Build.0 = Release|Any CPU
		{3798B3AC-138A-4A07-81E6-9092DA8F567A}.Debug|Any CPU.ActiveCfg = Debug|Any CPU
		{3798B3AC-138A-4A07-81E6-9092DA8F567A}.Debug|Any CPU.Build.0 = Debug|Any CPU
		{3798B3AC-138A-4A07-81E6-9092DA8F567A}.Release|Any CPU.ActiveCfg = Release|Any CPU
		{3798B3AC-138A-4A07-81E6-9092DA8F567A}.Release|Any CPU.Build.0 = Release|Any CPU
		{A1EDE1B0-4CC8-476F-8D75-96FFB6D21CFA}.Debug|Any CPU.ActiveCfg = Debug|Any CPU
		{A1EDE1B0-4CC8-476F-8D75-96FFB6D21CFA}.Debug|Any CPU.Build.0 = Debug|Any CPU
		{A1EDE1B0-4CC8-476F-8D75-96FFB6D21CFA}.Release|Any CPU.ActiveCfg = Release|Any CPU
		{A1EDE1B0-4CC8-476F-8D75-96FFB6D21CFA}.Release|Any CPU.Build.0 = Release|Any CPU
		{2E79ECFB-EB68-4F68-B483-D6D95531097F}.Debug|Any CPU.ActiveCfg = Debug|Any CPU
		{2E79ECFB-EB68-4F68-B483-D6D95531097F}.Debug|Any CPU.Build.0 = Debug|Any CPU
		{2E79ECFB-EB68-4F68-B483-D6D95531097F}.Release|Any CPU.ActiveCfg = Release|Any CPU
		{2E79ECFB-EB68-4F68-B483-D6D95531097F}.Release|Any CPU.Build.0 = Release|Any CPU
		{82769AE2-2ADC-4587-B728-A94B025818C8}.Debug|Any CPU.ActiveCfg = Debug|Any CPU
		{82769AE2-2ADC-4587-B728-A94B025818C8}.Debug|Any CPU.Build.0 = Debug|Any CPU
		{82769AE2-2ADC-4587-B728-A94B025818C8}.Release|Any CPU.ActiveCfg = Release|Any CPU
		{82769AE2-2ADC-4587-B728-A94B025818C8}.Release|Any CPU.Build.0 = Release|Any CPU
		{E15A75C7-12F8-4EA7-A4AB-4CC4CAB8C706}.Debug|Any CPU.ActiveCfg = Debug|Any CPU
		{E15A75C7-12F8-4EA7-A4AB-4CC4CAB8C706}.Debug|Any CPU.Build.0 = Debug|Any CPU
		{E15A75C7-12F8-4EA7-A4AB-4CC4CAB8C706}.Release|Any CPU.ActiveCfg = Release|Any CPU
		{E15A75C7-12F8-4EA7-A4AB-4CC4CAB8C706}.Release|Any CPU.Build.0 = Release|Any CPU
		{BF368601-C52F-4F3F-B3C5-18C2B45DB0D2}.Debug|Any CPU.ActiveCfg = Debug|Any CPU
		{BF368601-C52F-4F3F-B3C5-18C2B45DB0D2}.Debug|Any CPU.Build.0 = Debug|Any CPU
		{BF368601-C52F-4F3F-B3C5-18C2B45DB0D2}.Release|Any CPU.ActiveCfg = Release|Any CPU
		{BF368601-C52F-4F3F-B3C5-18C2B45DB0D2}.Release|Any CPU.Build.0 = Release|Any CPU
		{4E9FD5DD-0FD7-423E-A236-C35EA8DD028C}.Debug|Any CPU.ActiveCfg = Debug|Any CPU
		{4E9FD5DD-0FD7-423E-A236-C35EA8DD028C}.Debug|Any CPU.Build.0 = Debug|Any CPU
		{4E9FD5DD-0FD7-423E-A236-C35EA8DD028C}.Release|Any CPU.ActiveCfg = Release|Any CPU
		{4E9FD5DD-0FD7-423E-A236-C35EA8DD028C}.Release|Any CPU.Build.0 = Release|Any CPU
		{69B9957C-08CB-4998-9E0E-50E356BDAC77}.Debug|Any CPU.ActiveCfg = Debug|Any CPU
		{69B9957C-08CB-4998-9E0E-50E356BDAC77}.Debug|Any CPU.Build.0 = Debug|Any CPU
		{69B9957C-08CB-4998-9E0E-50E356BDAC77}.Release|Any CPU.ActiveCfg = Release|Any CPU
		{69B9957C-08CB-4998-9E0E-50E356BDAC77}.Release|Any CPU.Build.0 = Release|Any CPU
		{456ADE28-BA0E-4465-876B-18249C9D1B30}.Debug|Any CPU.ActiveCfg = Debug|Any CPU
		{456ADE28-BA0E-4465-876B-18249C9D1B30}.Debug|Any CPU.Build.0 = Debug|Any CPU
		{456ADE28-BA0E-4465-876B-18249C9D1B30}.Release|Any CPU.ActiveCfg = Release|Any CPU
		{456ADE28-BA0E-4465-876B-18249C9D1B30}.Release|Any CPU.Build.0 = Release|Any CPU
		{C2418606-1CB8-4E9A-A645-DC47B410C53C}.Debug|Any CPU.ActiveCfg = Debug|Any CPU
		{C2418606-1CB8-4E9A-A645-DC47B410C53C}.Debug|Any CPU.Build.0 = Debug|Any CPU
		{C2418606-1CB8-4E9A-A645-DC47B410C53C}.Release|Any CPU.ActiveCfg = Release|Any CPU
		{C2418606-1CB8-4E9A-A645-DC47B410C53C}.Release|Any CPU.Build.0 = Release|Any CPU
		{38DA8445-D1E4-41EF-B420-1DDFF8CC65E3}.Debug|Any CPU.ActiveCfg = Debug|Any CPU
		{38DA8445-D1E4-41EF-B420-1DDFF8CC65E3}.Debug|Any CPU.Build.0 = Debug|Any CPU
		{38DA8445-D1E4-41EF-B420-1DDFF8CC65E3}.Release|Any CPU.ActiveCfg = Release|Any CPU
		{38DA8445-D1E4-41EF-B420-1DDFF8CC65E3}.Release|Any CPU.Build.0 = Release|Any CPU
		{74ACBAD5-0AF0-4770-B038-B15BB05266AD}.Debug|Any CPU.ActiveCfg = Debug|Any CPU
		{74ACBAD5-0AF0-4770-B038-B15BB05266AD}.Debug|Any CPU.Build.0 = Debug|Any CPU
		{74ACBAD5-0AF0-4770-B038-B15BB05266AD}.Release|Any CPU.ActiveCfg = Release|Any CPU
		{74ACBAD5-0AF0-4770-B038-B15BB05266AD}.Release|Any CPU.Build.0 = Release|Any CPU
		{CC860BA3-DC07-4381-865C-90780B273A35}.Debug|Any CPU.ActiveCfg = Debug|Any CPU
		{CC860BA3-DC07-4381-865C-90780B273A35}.Debug|Any CPU.Build.0 = Debug|Any CPU
		{CC860BA3-DC07-4381-865C-90780B273A35}.Release|Any CPU.ActiveCfg = Release|Any CPU
		{CC860BA3-DC07-4381-865C-90780B273A35}.Release|Any CPU.Build.0 = Release|Any CPU
		{D3706E36-06D2-461A-A2C3-C7A620B4B0C9}.Debug|Any CPU.ActiveCfg = Debug|Any CPU
		{D3706E36-06D2-461A-A2C3-C7A620B4B0C9}.Debug|Any CPU.Build.0 = Debug|Any CPU
		{D3706E36-06D2-461A-A2C3-C7A620B4B0C9}.Release|Any CPU.ActiveCfg = Release|Any CPU
		{D3706E36-06D2-461A-A2C3-C7A620B4B0C9}.Release|Any CPU.Build.0 = Release|Any CPU
		{4350ADA5-0E1A-4645-BCC4-D5EB7A650D36}.Debug|Any CPU.ActiveCfg = Debug|Any CPU
		{4350ADA5-0E1A-4645-BCC4-D5EB7A650D36}.Debug|Any CPU.Build.0 = Debug|Any CPU
		{4350ADA5-0E1A-4645-BCC4-D5EB7A650D36}.Release|Any CPU.ActiveCfg = Release|Any CPU
		{4350ADA5-0E1A-4645-BCC4-D5EB7A650D36}.Release|Any CPU.Build.0 = Release|Any CPU
		{1688118A-DB81-4B46-B723-D99C945FAB16}.Debug|Any CPU.ActiveCfg = Debug|Any CPU
		{1688118A-DB81-4B46-B723-D99C945FAB16}.Debug|Any CPU.Build.0 = Debug|Any CPU
		{1688118A-DB81-4B46-B723-D99C945FAB16}.Release|Any CPU.ActiveCfg = Release|Any CPU
		{1688118A-DB81-4B46-B723-D99C945FAB16}.Release|Any CPU.Build.0 = Release|Any CPU
		{F705233E-9A20-47C6-9B18-A002691C167B}.Debug|Any CPU.ActiveCfg = Debug|Any CPU
		{F705233E-9A20-47C6-9B18-A002691C167B}.Debug|Any CPU.Build.0 = Debug|Any CPU
		{F705233E-9A20-47C6-9B18-A002691C167B}.Release|Any CPU.ActiveCfg = Release|Any CPU
		{F705233E-9A20-47C6-9B18-A002691C167B}.Release|Any CPU.Build.0 = Release|Any CPU
		{544C8ECA-0790-4658-9981-7F33942DBD37}.Debug|Any CPU.ActiveCfg = Debug|Any CPU
		{544C8ECA-0790-4658-9981-7F33942DBD37}.Debug|Any CPU.Build.0 = Debug|Any CPU
		{544C8ECA-0790-4658-9981-7F33942DBD37}.Release|Any CPU.ActiveCfg = Release|Any CPU
		{544C8ECA-0790-4658-9981-7F33942DBD37}.Release|Any CPU.Build.0 = Release|Any CPU
		{4D78E557-6FAD-4E85-94A5-191812CD0D4F}.Debug|Any CPU.ActiveCfg = Debug|Any CPU
		{4D78E557-6FAD-4E85-94A5-191812CD0D4F}.Debug|Any CPU.Build.0 = Debug|Any CPU
		{4D78E557-6FAD-4E85-94A5-191812CD0D4F}.Release|Any CPU.ActiveCfg = Release|Any CPU
		{4D78E557-6FAD-4E85-94A5-191812CD0D4F}.Release|Any CPU.Build.0 = Release|Any CPU
		{2CB139D2-2D06-488A-8351-F3353AA410D6}.Debug|Any CPU.ActiveCfg = Debug|Any CPU
		{2CB139D2-2D06-488A-8351-F3353AA410D6}.Debug|Any CPU.Build.0 = Debug|Any CPU
		{2CB139D2-2D06-488A-8351-F3353AA410D6}.Release|Any CPU.ActiveCfg = Release|Any CPU
		{2CB139D2-2D06-488A-8351-F3353AA410D6}.Release|Any CPU.Build.0 = Release|Any CPU
		{6A947FAD-4E84-4E96-BBD9-566EF329A85B}.Debug|Any CPU.ActiveCfg = Debug|Any CPU
		{6A947FAD-4E84-4E96-BBD9-566EF329A85B}.Debug|Any CPU.Build.0 = Debug|Any CPU
		{6A947FAD-4E84-4E96-BBD9-566EF329A85B}.Release|Any CPU.ActiveCfg = Release|Any CPU
		{6A947FAD-4E84-4E96-BBD9-566EF329A85B}.Release|Any CPU.Build.0 = Release|Any CPU
		{A6D68521-90F7-40DC-88FE-53DDD4820783}.Debug|Any CPU.ActiveCfg = Debug|Any CPU
		{A6D68521-90F7-40DC-88FE-53DDD4820783}.Debug|Any CPU.Build.0 = Debug|Any CPU
		{A6D68521-90F7-40DC-88FE-53DDD4820783}.Release|Any CPU.ActiveCfg = Release|Any CPU
		{A6D68521-90F7-40DC-88FE-53DDD4820783}.Release|Any CPU.Build.0 = Release|Any CPU
		{9582199E-4D89-4AA0-8576-5AA85690DE2E}.Debug|Any CPU.ActiveCfg = Debug|Any CPU
		{9582199E-4D89-4AA0-8576-5AA85690DE2E}.Debug|Any CPU.Build.0 = Debug|Any CPU
		{9582199E-4D89-4AA0-8576-5AA85690DE2E}.Release|Any CPU.ActiveCfg = Release|Any CPU
		{9582199E-4D89-4AA0-8576-5AA85690DE2E}.Release|Any CPU.Build.0 = Release|Any CPU
		{DCD16574-01B8-41A6-8DEE-0B9F10AFA650}.Debug|Any CPU.ActiveCfg = Debug|Any CPU
		{DCD16574-01B8-41A6-8DEE-0B9F10AFA650}.Debug|Any CPU.Build.0 = Debug|Any CPU
		{DCD16574-01B8-41A6-8DEE-0B9F10AFA650}.Release|Any CPU.ActiveCfg = Release|Any CPU
		{DCD16574-01B8-41A6-8DEE-0B9F10AFA650}.Release|Any CPU.Build.0 = Release|Any CPU
	EndGlobalSection
	GlobalSection(SolutionProperties) = preSolution
		HideSolutionNode = FALSE
	EndGlobalSection
	GlobalSection(NestedProjects) = preSolution
		{56B8E506-5F90-41FA-9164-4757750B335C} = {980B84BD-00C4-4A43-826E-0F9935DCD497}
		{783C5926-92CB-46E7-9D70-6794F13A9792} = {980B84BD-00C4-4A43-826E-0F9935DCD497}
		{D735F75D-5471-4B2A-BD54-E94387F8C258} = {980B84BD-00C4-4A43-826E-0F9935DCD497}
		{FBDFB593-CE39-4E8A-8292-B8FC74723453} = {980B84BD-00C4-4A43-826E-0F9935DCD497}
		{0F243A3F-D351-485A-8DF2-3B90898EE384} = {980B84BD-00C4-4A43-826E-0F9935DCD497}
		{2E64A552-61FD-4732-8F24-D8F234D4FB63} = {980B84BD-00C4-4A43-826E-0F9935DCD497}
		{B51F5324-7C2E-4F9F-8EC5-5CE1D34E881A} = {980B84BD-00C4-4A43-826E-0F9935DCD497}
		{16B5BD39-3659-4DC4-8440-D03275974DEC} = {980B84BD-00C4-4A43-826E-0F9935DCD497}
		{B73D1A41-0D16-4821-B847-860537E66461} = {980B84BD-00C4-4A43-826E-0F9935DCD497}
		{1757EAF5-9BD4-4AC9-9FD5-B57AFAD90E00} = {6FCAAF04-87C1-4E0D-851C-57BC6331BAED}
		{72F8C640-00D3-4B8F-A85B-72FBC1409C3B} = {6FCAAF04-87C1-4E0D-851C-57BC6331BAED}
		{76E25923-1F2F-4B90-B693-985667522FCA} = {6FCAAF04-87C1-4E0D-851C-57BC6331BAED}
		{4107D4CE-40D5-4400-8EC2-15BE2378F115} = {6FCAAF04-87C1-4E0D-851C-57BC6331BAED}
		{D96C3B8B-DF15-4AE5-9F77-984979B78482} = {6FCAAF04-87C1-4E0D-851C-57BC6331BAED}
		{0D9D0F7B-1DE1-4428-BB98-64DC42DAC3B7} = {6FCAAF04-87C1-4E0D-851C-57BC6331BAED}
		{8B88F30E-230E-492D-A27E-D8076B15ADDA} = {6FCAAF04-87C1-4E0D-851C-57BC6331BAED}
		{53F13853-4928-4990-A054-0BCE597BE179} = {6FCAAF04-87C1-4E0D-851C-57BC6331BAED}
		{0B37C105-63E0-449C-A378-5DE5E3F720D2} = {6FCAAF04-87C1-4E0D-851C-57BC6331BAED}
		{42E12A32-7657-47E8-BE2E-7FC45034E72E} = {6FCAAF04-87C1-4E0D-851C-57BC6331BAED}
		{2FFAFD4C-DD17-4CB6-9A1D-44D1F8A67EB3} = {6FCAAF04-87C1-4E0D-851C-57BC6331BAED}
		{553E6748-5A9C-4707-BC41-C2966533C1C9} = {6FCAAF04-87C1-4E0D-851C-57BC6331BAED}
		{1614FF4C-C0AB-4419-9F0D-654F31A8AA3B} = {E89F8EE6-D94E-48AA-964A-7453181BBDAD}
		{84E2CF26-E8EE-4337-95C8-4D5C0775E04B} = {6467E638-0877-4C98-8CAB-265CB743169C}
		{977AE15C-43D9-44E2-B2A7-460CB0767D9A} = {6467E638-0877-4C98-8CAB-265CB743169C}
		{4267786B-3DE2-423D-8D95-B207AABAD0D7} = {6467E638-0877-4C98-8CAB-265CB743169C}
		{312C25AD-E4BC-4C36-A0AF-A0FEE31C6B7D} = {980B84BD-00C4-4A43-826E-0F9935DCD497}
		{EC5332C4-4362-4172-8606-26580A8C1585} = {E89F8EE6-D94E-48AA-964A-7453181BBDAD}
		{77077188-8709-4079-BE75-B7151947526A} = {E89F8EE6-D94E-48AA-964A-7453181BBDAD}
		{9E54A2C3-1266-404C-A31F-6FF1B3875D98} = {E89F8EE6-D94E-48AA-964A-7453181BBDAD}
		{D5B484EF-95DD-4D30-9C3F-45D6DE313351} = {E89F8EE6-D94E-48AA-964A-7453181BBDAD}
		{E55ECCC3-6EEC-43BB-ADA4-1370BF0A5B71} = {E89F8EE6-D94E-48AA-964A-7453181BBDAD}
		{8DC784D8-D6E1-42D0-94BC-C05C350C5C7D} = {95D2F092-749D-4B42-89F7-D980BCC1DB65}
		{DAD1049D-6F5E-42D4-B7D5-E8F55584512C} = {95D2F092-749D-4B42-89F7-D980BCC1DB65}
		{F526C124-DCD9-4BBD-B30D-0A11EA344539} = {4286F098-AC68-4886-B57B-1CB4A484C1A7}
		{40290922-40EC-4CA9-B254-62688D90E1BA} = {4286F098-AC68-4886-B57B-1CB4A484C1A7}
		{3798B3AC-138A-4A07-81E6-9092DA8F567A} = {4286F098-AC68-4886-B57B-1CB4A484C1A7}
		{A1EDE1B0-4CC8-476F-8D75-96FFB6D21CFA} = {E89F8EE6-D94E-48AA-964A-7453181BBDAD}
		{82769AE2-2ADC-4587-B728-A94B025818C8} = {E89F8EE6-D94E-48AA-964A-7453181BBDAD}
		{E15A75C7-12F8-4EA7-A4AB-4CC4CAB8C706} = {E89F8EE6-D94E-48AA-964A-7453181BBDAD}
		{BF368601-C52F-4F3F-B3C5-18C2B45DB0D2} = {56662271-628B-4316-85C5-BA4437663D1F}
		{4E9FD5DD-0FD7-423E-A236-C35EA8DD028C} = {56662271-628B-4316-85C5-BA4437663D1F}
		{69B9957C-08CB-4998-9E0E-50E356BDAC77} = {56662271-628B-4316-85C5-BA4437663D1F}
		{456ADE28-BA0E-4465-876B-18249C9D1B30} = {56662271-628B-4316-85C5-BA4437663D1F}
		{C2418606-1CB8-4E9A-A645-DC47B410C53C} = {56662271-628B-4316-85C5-BA4437663D1F}
		{38DA8445-D1E4-41EF-B420-1DDFF8CC65E3} = {EF30ADE8-2DC5-47EB-9C60-9E2444335F9D}
		{74ACBAD5-0AF0-4770-B038-B15BB05266AD} = {E89F8EE6-D94E-48AA-964A-7453181BBDAD}
		{CC860BA3-DC07-4381-865C-90780B273A35} = {E89F8EE6-D94E-48AA-964A-7453181BBDAD}
		{D3706E36-06D2-461A-A2C3-C7A620B4B0C9} = {EF30ADE8-2DC5-47EB-9C60-9E2444335F9D}
		{4350ADA5-0E1A-4645-BCC4-D5EB7A650D36} = {EF30ADE8-2DC5-47EB-9C60-9E2444335F9D}
		{1688118A-DB81-4B46-B723-D99C945FAB16} = {EF30ADE8-2DC5-47EB-9C60-9E2444335F9D}
		{F705233E-9A20-47C6-9B18-A002691C167B} = {EF30ADE8-2DC5-47EB-9C60-9E2444335F9D}
		{544C8ECA-0790-4658-9981-7F33942DBD37} = {E89F8EE6-D94E-48AA-964A-7453181BBDAD}
		{4D78E557-6FAD-4E85-94A5-191812CD0D4F} = {E89F8EE6-D94E-48AA-964A-7453181BBDAD}
		{2CB139D2-2D06-488A-8351-F3353AA410D6} = {E89F8EE6-D94E-48AA-964A-7453181BBDAD}
		{6A947FAD-4E84-4E96-BBD9-566EF329A85B} = {E89F8EE6-D94E-48AA-964A-7453181BBDAD}
		{A6D68521-90F7-40DC-88FE-53DDD4820783} = {E89F8EE6-D94E-48AA-964A-7453181BBDAD}
		{9582199E-4D89-4AA0-8576-5AA85690DE2E} = {01C9C188-6BFA-4695-8120-F1BF6C64FD65}
		{DCD16574-01B8-41A6-8DEE-0B9F10AFA650} = {01C9C188-6BFA-4695-8120-F1BF6C64FD65}
	EndGlobalSection
	GlobalSection(ExtensibilityGlobals) = postSolution
		SolutionGuid = {D335C34C-F512-47B5-8CBB-D5C45098B0BE}
	EndGlobalSection
EndGlobal
